{
  "requires": true,
  "lockfileVersion": 1,
  "dependencies": {
    "anchor-js": {
      "version": "4.1.1",
      "resolved": "https://registry.npmjs.org/anchor-js/-/anchor-js-4.1.1.tgz",
      "integrity": "sha512-c2Wl9F1X0C4jkYKLla1SNE2uI6xJrSKsRC7HCCg4yLNQ5sL5D+tDEWrjRaoTuTlMTqBCnF6kOuR3dx59Erxpvw=="
    }
  }
}
